// !$*UTF8*$!
{
	archiveVersion = 1;
	classes = {
	};
	objectVersion = 77;
	objects = {

/* Begin PBXContainerItemProxy section */
		032F53542D4BFD8F000AE386 /* PBXContainerItemProxy */ = {
			isa = PBXContainerItemProxy;
			containerPortal = 032F533B2D4BFD8E000AE386 /* Project object */;
			proxyType = 1;
			remoteGlobalIDString = 032F53422D4BFD8E000AE386;
			remoteInfo = Apple_Workshop;
		};
		032F535E2D4BFD8F000AE386 /* PBXContainerItemProxy */ = {
			isa = PBXContainerItemProxy;
			containerPortal = 032F533B2D4BFD8E000AE386 /* Project object */;
			proxyType = 1;
			remoteGlobalIDString = 032F53422D4BFD8E000AE386;
			remoteInfo = Apple_Workshop;
		};
/* End PBXContainerItemProxy section */

/* Begin PBXFileReference section */
		032F53432D4BFD8E000AE386 /* Apple_Workshop.app */ = {isa = PBXFileReference; explicitFileType = wrapper.application; includeInIndex = 0; path = Apple_Workshop.app; sourceTree = BUILT_PRODUCTS_DIR; };
		032F53532D4BFD8F000AE386 /* Apple_WorkshopTests.xctest */ = {isa = PBXFileReference; explicitFileType = wrapper.cfbundle; includeInIndex = 0; path = Apple_WorkshopTests.xctest; sourceTree = BUILT_PRODUCTS_DIR; };
		032F535D2D4BFD8F000AE386 /* Apple_WorkshopUITests.xctest */ = {isa = PBXFileReference; explicitFileType = wrapper.cfbundle; includeInIndex = 0; path = Apple_WorkshopUITests.xctest; sourceTree = BUILT_PRODUCTS_DIR; };
/* End PBXFileReference section */

/* Begin PBXFileSystemSynchronizedRootGroup section */
		032F53452D4BFD8E000AE386 /* Apple_Workshop */ = {
			isa = PBXFileSystemSynchronizedRootGroup;
			path = Apple_Workshop;
			sourceTree = "<group>";
		};
		032F53562D4BFD8F000AE386 /* Apple_WorkshopTests */ = {
			isa = PBXFileSystemSynchronizedRootGroup;
			path = Apple_WorkshopTests;
			sourceTree = "<group>";
		};
		032F53602D4BFD8F000AE386 /* Apple_WorkshopUITests */ = {
			isa = PBXFileSystemSynchronizedRootGroup;
			path = Apple_WorkshopUITests;
			sourceTree = "<group>";
		};
/* End PBXFileSystemSynchronizedRootGroup section */

/* Begin PBXFrameworksBuildPhase section */
		032F53402D4BFD8E000AE386 /* Frameworks */ = {
			isa = PBXFrameworksBuildPhase;
			buildActionMask = 2147483647;
			files = (
			);
			runOnlyForDeploymentPostprocessing = 0;
		};
		032F53502D4BFD8F000AE386 /* Frameworks */ = {
			isa = PBXFrameworksBuildPhase;
			buildActionMask = 2147483647;
			files = (
			);
			runOnlyForDeploymentPostprocessing = 0;
		};
		032F535A2D4BFD8F000AE386 /* Frameworks */ = {
			isa = PBXFrameworksBuildPhase;
			buildActionMask = 2147483647;
			files = (
			);
			runOnlyForDeploymentPostprocessing = 0;
		};
/* End PBXFrameworksBuildPhase section */

/* Begin PBXGroup section */
		032F533A2D4BFD8E000AE386 = {
			isa = PBXGroup;
			children = (
				032F53452D4BFD8E000AE386 /* Apple_Workshop */,
				032F53562D4BFD8F000AE386 /* Apple_WorkshopTests */,
				032F53602D4BFD8F000AE386 /* Apple_WorkshopUITests */,
				032F53442D4BFD8E000AE386 /* Products */,
			);
			sourceTree = "<group>";
		};
		032F53442D4BFD8E000AE386 /* Products */ = {
			isa = PBXGroup;
			children = (
				032F53432D4BFD8E000AE386 /* Apple_Workshop.app */,
				032F53532D4BFD8F000AE386 /* Apple_WorkshopTests.xctest */,
				032F535D2D4BFD8F000AE386 /* Apple_WorkshopUITests.xctest */,
			);
			name = Products;
			sourceTree = "<group>";
		};
/* End PBXGroup section */

/* Begin PBXNativeTarget section */
		032F53422D4BFD8E000AE386 /* Apple_Workshop */ = {
			isa = PBXNativeTarget;
			buildConfigurationList = 032F53672D4BFD8F000AE386 /* Build configuration list for PBXNativeTarget "Apple_Workshop" */;
			buildPhases = (
				032F533F2D4BFD8E000AE386 /* Sources */,
				032F53402D4BFD8E000AE386 /* Frameworks */,
				032F53412D4BFD8E000AE386 /* Resources */,
			);
			buildRules = (
			);
			dependencies = (
			);
			fileSystemSynchronizedGroups = (
				032F53452D4BFD8E000AE386 /* Apple_Workshop */,
			);
			name = Apple_Workshop;
			packageProductDependencies = (
			);
			productName = Apple_Workshop;
			productReference = 032F53432D4BFD8E000AE386 /* Apple_Workshop.app */;
			productType = "com.apple.product-type.application";
		};
		032F53522D4BFD8F000AE386 /* Apple_WorkshopTests */ = {
			isa = PBXNativeTarget;
			buildConfigurationList = 032F536A2D4BFD8F000AE386 /* Build configuration list for PBXNativeTarget "Apple_WorkshopTests" */;
			buildPhases = (
				032F534F2D4BFD8F000AE386 /* Sources */,
				032F53502D4BFD8F000AE386 /* Frameworks */,
				032F53512D4BFD8F000AE386 /* Resources */,
			);
			buildRules = (
			);
			dependencies = (
				032F53552D4BFD8F000AE386 /* PBXTargetDependency */,
			);
			fileSystemSynchronizedGroups = (
				032F53562D4BFD8F000AE386 /* Apple_WorkshopTests */,
			);
			name = Apple_WorkshopTests;
			packageProductDependencies = (
			);
			productName = Apple_WorkshopTests;
			productReference = 032F53532D4BFD8F000AE386 /* Apple_WorkshopTests.xctest */;
			productType = "com.apple.product-type.bundle.unit-test";
		};
		032F535C2D4BFD8F000AE386 /* Apple_WorkshopUITests */ = {
			isa = PBXNativeTarget;
			buildConfigurationList = 032F536D2D4BFD8F000AE386 /* Build configuration list for PBXNativeTarget "Apple_WorkshopUITests" */;
			buildPhases = (
				032F53592D4BFD8F000AE386 /* Sources */,
				032F535A2D4BFD8F000AE386 /* Frameworks */,
				032F535B2D4BFD8F000AE386 /* Resources */,
			);
			buildRules = (
			);
			dependencies = (
				032F535F2D4BFD8F000AE386 /* PBXTargetDependency */,
			);
			fileSystemSynchronizedGroups = (
				032F53602D4BFD8F000AE386 /* Apple_WorkshopUITests */,
			);
			name = Apple_WorkshopUITests;
			packageProductDependencies = (
			);
			productName = Apple_WorkshopUITests;
			productReference = 032F535D2D4BFD8F000AE386 /* Apple_WorkshopUITests.xctest */;
			productType = "com.apple.product-type.bundle.ui-testing";
		};
/* End PBXNativeTarget section */

/* Begin PBXProject section */
		032F533B2D4BFD8E000AE386 /* Project object */ = {
			isa = PBXProject;
			attributes = {
				BuildIndependentTargetsInParallel = 1;
				LastSwiftUpdateCheck = 1620;
				LastUpgradeCheck = 1620;
				TargetAttributes = {
					032F53422D4BFD8E000AE386 = {
						CreatedOnToolsVersion = 16.2;
					};
					032F53522D4BFD8F000AE386 = {
						CreatedOnToolsVersion = 16.2;
						TestTargetID = 032F53422D4BFD8E000AE386;
					};
					032F535C2D4BFD8F000AE386 = {
						CreatedOnToolsVersion = 16.2;
						TestTargetID = 032F53422D4BFD8E000AE386;
					};
				};
			};
			buildConfigurationList = 032F533E2D4BFD8E000AE386 /* Build configuration list for PBXProject "Apple_Workshop" */;
			developmentRegion = en;
			hasScannedForEncodings = 0;
			knownRegions = (
				en,
				Base,
			);
			mainGroup = 032F533A2D4BFD8E000AE386;
			minimizedProjectReferenceProxies = 1;
			preferredProjectObjectVersion = 77;
			productRefGroup = 032F53442D4BFD8E000AE386 /* Products */;
			projectDirPath = "";
			projectRoot = "";
			targets = (
				032F53422D4BFD8E000AE386 /* Apple_Workshop */,
				032F53522D4BFD8F000AE386 /* Apple_WorkshopTests */,
				032F535C2D4BFD8F000AE386 /* Apple_WorkshopUITests */,
			);
		};
/* End PBXProject section */

/* Begin PBXResourcesBuildPhase section */
		032F53412D4BFD8E000AE386 /* Resources */ = {
			isa = PBXResourcesBuildPhase;
			buildActionMask = 2147483647;
			files = (
			);
			runOnlyForDeploymentPostprocessing = 0;
		};
		032F53512D4BFD8F000AE386 /* Resources */ = {
			isa = PBXResourcesBuildPhase;
			buildActionMask = 2147483647;
			files = (
			);
			runOnlyForDeploymentPostprocessing = 0;
		};
		032F535B2D4BFD8F000AE386 /* Resources */ = {
			isa = PBXResourcesBuildPhase;
			buildActionMask = 2147483647;
			files = (
			);
			runOnlyForDeploymentPostprocessing = 0;
		};
/* End PBXResourcesBuildPhase section */

/* Begin PBXSourcesBuildPhase section */
		032F533F2D4BFD8E000AE386 /* Sources */ = {
			isa = PBXSourcesBuildPhase;
			buildActionMask = 2147483647;
			files = (
			);
			runOnlyForDeploymentPostprocessing = 0;
		};
		032F534F2D4BFD8F000AE386 /* Sources */ = {
			isa = PBXSourcesBuildPhase;
			buildActionMask = 2147483647;
			files = (
			);
			runOnlyForDeploymentPostprocessing = 0;
		};
		032F53592D4BFD8F000AE386 /* Sources */ = {
			isa = PBXSourcesBuildPhase;
			buildActionMask = 2147483647;
			files = (
			);
			runOnlyForDeploymentPostprocessing = 0;
		};
/* End PBXSourcesBuildPhase section */

/* Begin PBXTargetDependency section */
		032F53552D4BFD8F000AE386 /* PBXTargetDependency */ = {
			isa = PBXTargetDependency;
			target = 032F53422D4BFD8E000AE386 /* Apple_Workshop */;
			targetProxy = 032F53542D4BFD8F000AE386 /* PBXContainerItemProxy */;
		};
		032F535F2D4BFD8F000AE386 /* PBXTargetDependency */ = {
			isa = PBXTargetDependency;
			target = 032F53422D4BFD8E000AE386 /* Apple_Workshop */;
			targetProxy = 032F535E2D4BFD8F000AE386 /* PBXContainerItemProxy */;
		};
/* End PBXTargetDependency section */

/* Begin XCBuildConfiguration section */
		032F53652D4BFD8F000AE386 /* Debug */ = {
			isa = XCBuildConfiguration;
			buildSettings = {
				ALWAYS_SEARCH_USER_PATHS = NO;
				ASSETCATALOG_COMPILER_GENERATE_SWIFT_ASSET_SYMBOL_EXTENSIONS = YES;
				CLANG_ANALYZER_NONNULL = YES;
				CLANG_ANALYZER_NUMBER_OBJECT_CONVERSION = YES_AGGRESSIVE;
				CLANG_CXX_LANGUAGE_STANDARD = "gnu++20";
				CLANG_ENABLE_MODULES = YES;
				CLANG_ENABLE_OBJC_ARC = YES;
				CLANG_ENABLE_OBJC_WEAK = YES;
				CLANG_WARN_BLOCK_CAPTURE_AUTORELEASING = YES;
				CLANG_WARN_BOOL_CONVERSION = YES;
				CLANG_WARN_COMMA = YES;
				CLANG_WARN_CONSTANT_CONVERSION = YES;
				CLANG_WARN_DEPRECATED_OBJC_IMPLEMENTATIONS = YES;
				CLANG_WARN_DIRECT_OBJC_ISA_USAGE = YES_ERROR;
				CLANG_WARN_DOCUMENTATION_COMMENTS = YES;
				CLANG_WARN_EMPTY_BODY = YES;
				CLANG_WARN_ENUM_CONVERSION = YES;
				CLANG_WARN_INFINITE_RECURSION = YES;
				CLANG_WARN_INT_CONVERSION = YES;
				CLANG_WARN_NON_LITERAL_NULL_CONVERSION = YES;
				CLANG_WARN_OBJC_IMPLICIT_RETAIN_SELF = YES;
				CLANG_WARN_OBJC_LITERAL_CONVERSION = YES;
				CLANG_WARN_OBJC_ROOT_CLASS = YES_ERROR;
				CLANG_WARN_QUOTED_INCLUDE_IN_FRAMEWORK_HEADER = YES;
				CLANG_WARN_RANGE_LOOP_ANALYSIS = YES;
				CLANG_WARN_STRICT_PROTOTYPES = YES;
				CLANG_WARN_SUSPICIOUS_MOVE = YES;
				CLANG_WARN_UNGUARDED_AVAILABILITY = YES_AGGRESSIVE;
				CLANG_WARN_UNREACHABLE_CODE = YES;
				CLANG_WARN__DUPLICATE_METHOD_MATCH = YES;
				COPY_PHASE_STRIP = NO;
				DEBUG_INFORMATION_FORMAT = dwarf;
				ENABLE_STRICT_OBJC_MSGSEND = YES;
				ENABLE_TESTABILITY = YES;
				ENABLE_USER_SCRIPT_SANDBOXING = YES;
				GCC_C_LANGUAGE_STANDARD = gnu17;
				GCC_DYNAMIC_NO_PIC = NO;
				GCC_NO_COMMON_BLOCKS = YES;
				GCC_OPTIMIZATION_LEVEL = 0;
				GCC_PREPROCESSOR_DEFINITIONS = (
					"DEBUG=1",
					"$(inherited)",
				);
				GCC_WARN_64_TO_32_BIT_CONVERSION = YES;
				GCC_WARN_ABOUT_RETURN_TYPE = YES_ERROR;
				GCC_WARN_UNDECLARED_SELECTOR = YES;
				GCC_WARN_UNINITIALIZED_AUTOS = YES_AGGRESSIVE;
				GCC_WARN_UNUSED_FUNCTION = YES;
				GCC_WARN_UNUSED_VARIABLE = YES;
				IPHONEOS_DEPLOYMENT_TARGET = 18.2;
				LOCALIZATION_PREFERS_STRING_CATALOGS = YES;
				MTL_ENABLE_DEBUG_INFO = INCLUDE_SOURCE;
				MTL_FAST_MATH = YES;
				ONLY_ACTIVE_ARCH = YES;
				SDKROOT = iphoneos;
				SWIFT_ACTIVE_COMPILATION_CONDITIONS = "DEBUG $(inherited)";
				SWIFT_OPTIMIZATION_LEVEL = "-Onone";
			};
			name = Debug;
		};
		032F53662D4BFD8F000AE386 /* Release */ = {
			isa = XCBuildConfiguration;
			buildSettings = {
				ALWAYS_SEARCH_USER_PATHS = NO;
				ASSETCATALOG_COMPILER_GENERATE_SWIFT_ASSET_SYMBOL_EXTENSIONS = YES;
				CLANG_ANALYZER_NONNULL = YES;
				CLANG_ANALYZER_NUMBER_OBJECT_CONVERSION = YES_AGGRESSIVE;
				CLANG_CXX_LANGUAGE_STANDARD = "gnu++20";
				CLANG_ENABLE_MODULES = YES;
				CLANG_ENABLE_OBJC_ARC = YES;
				CLANG_ENABLE_OBJC_WEAK = YES;
				CLANG_WARN_BLOCK_CAPTURE_AUTORELEASING = YES;
				CLANG_WARN_BOOL_CONVERSION = YES;
				CLANG_WARN_COMMA = YES;
				CLANG_WARN_CONSTANT_CONVERSION = YES;
				CLANG_WARN_DEPRECATED_OBJC_IMPLEMENTATIONS = YES;
				CLANG_WARN_DIRECT_OBJC_ISA_USAGE = YES_ERROR;
				CLANG_WARN_DOCUMENTATION_COMMENTS = YES;
				CLANG_WARN_EMPTY_BODY = YES;
				CLANG_WARN_ENUM_CONVERSION = YES;
				CLANG_WARN_INFINITE_RECURSION = YES;
				CLANG_WARN_INT_CONVERSION = YES;
				CLANG_WARN_NON_LITERAL_NULL_CONVERSION = YES;
				CLANG_WARN_OBJC_IMPLICIT_RETAIN_SELF = YES;
				CLANG_WARN_OBJC_LITERAL_CONVERSION = YES;
				CLANG_WARN_OBJC_ROOT_CLASS = YES_ERROR;
				CLANG_WARN_QUOTED_INCLUDE_IN_FRAMEWORK_HEADER = YES;
				CLANG_WARN_RANGE_LOOP_ANALYSIS = YES;
				CLANG_WARN_STRICT_PROTOTYPES = YES;
				CLANG_WARN_SUSPICIOUS_MOVE = YES;
				CLANG_WARN_UNGUARDED_AVAILABILITY = YES_AGGRESSIVE;
				CLANG_WARN_UNREACHABLE_CODE = YES;
				CLANG_WARN__DUPLICATE_METHOD_MATCH = YES;
				COPY_PHASE_STRIP = NO;
				DEBUG_INFORMATION_FORMAT = "dwarf-with-dsym";
				ENABLE_NS_ASSERTIONS = NO;
				ENABLE_STRICT_OBJC_MSGSEND = YES;
				ENABLE_USER_SCRIPT_SANDBOXING = YES;
				GCC_C_LANGUAGE_STANDARD = gnu17;
				GCC_NO_COMMON_BLOCKS = YES;
				GCC_WARN_64_TO_32_BIT_CONVERSION = YES;
				GCC_WARN_ABOUT_RETURN_TYPE = YES_ERROR;
				GCC_WARN_UNDECLARED_SELECTOR = YES;
				GCC_WARN_UNINITIALIZED_AUTOS = YES_AGGRESSIVE;
				GCC_WARN_UNUSED_FUNCTION = YES;
				GCC_WARN_UNUSED_VARIABLE = YES;
				IPHONEOS_DEPLOYMENT_TARGET = 18.2;
				LOCALIZATION_PREFERS_STRING_CATALOGS = YES;
				MTL_ENABLE_DEBUG_INFO = NO;
				MTL_FAST_MATH = YES;
				SDKROOT = iphoneos;
				SWIFT_COMPILATION_MODE = wholemodule;
				VALIDATE_PRODUCT = YES;
			};
			name = Release;
		};
		032F53682D4BFD8F000AE386 /* Debug */ = {
			isa = XCBuildConfiguration;
			buildSettings = {
				ASSETCATALOG_COMPILER_APPICON_NAME = AppIcon;
				ASSETCATALOG_COMPILER_GLOBAL_ACCENT_COLOR_NAME = AccentColor;
				CODE_SIGN_STYLE = Automatic;
				CURRENT_PROJECT_VERSION = 1;
				DEVELOPMENT_ASSET_PATHS = "\"Apple_Workshop/Preview Content\"";
				DEVELOPMENT_TEAM = 73D7D7985C;
				ENABLE_PREVIEWS = YES;
				GENERATE_INFOPLIST_FILE = YES;
				INFOPLIST_KEY_UIApplicationSceneManifest_Generation = YES;
				INFOPLIST_KEY_UIApplicationSupportsIndirectInputEvents = YES;
				INFOPLIST_KEY_UILaunchScreen_Generation = YES;
				INFOPLIST_KEY_UISupportedInterfaceOrientations_iPad = "UIInterfaceOrientationPortrait UIInterfaceOrientationPortraitUpsideDown UIInterfaceOrientationLandscapeLeft UIInterfaceOrientationLandscapeRight";
				INFOPLIST_KEY_UISupportedInterfaceOrientations_iPhone = "UIInterfaceOrientationPortrait UIInterfaceOrientationLandscapeLeft UIInterfaceOrientationLandscapeRight";
				LD_RUNPATH_SEARCH_PATHS = (
					"$(inherited)",
					"@executable_path/Frameworks",
				);
				MARKETING_VERSION = 1.0;
				PRODUCT_BUNDLE_IDENTIFIER = "Maca.Apple-Workshop";
				PRODUCT_NAME = "$(TARGET_NAME)";
				SWIFT_EMIT_LOC_STRINGS = YES;
				SWIFT_VERSION = 5.0;
				TARGETED_DEVICE_FAMILY = "1,2";
			};
			name = Debug;
		};
		032F53692D4BFD8F000AE386 /* Release */ = {
			isa = XCBuildConfiguration;
			buildSettings = {
				ASSETCATALOG_COMPILER_APPICON_NAME = AppIcon;
				ASSETCATALOG_COMPILER_GLOBAL_ACCENT_COLOR_NAME = AccentColor;
				CODE_SIGN_STYLE = Automatic;
				CURRENT_PROJECT_VERSION = 1;
				DEVELOPMENT_ASSET_PATHS = "\"Apple_Workshop/Preview Content\"";
				DEVELOPMENT_TEAM = 73D7D7985C;
				ENABLE_PREVIEWS = YES;
				GENERATE_INFOPLIST_FILE = YES;
				INFOPLIST_KEY_UIApplicationSceneManifest_Generation = YES;
				INFOPLIST_KEY_UIApplicationSupportsIndirectInputEvents = YES;
				INFOPLIST_KEY_UILaunchScreen_Generation = YES;
				INFOPLIST_KEY_UISupportedInterfaceOrientations_iPad = "UIInterfaceOrientationPortrait UIInterfaceOrientationPortraitUpsideDown UIInterfaceOrientationLandscapeLeft UIInterfaceOrientationLandscapeRight";
				INFOPLIST_KEY_UISupportedInterfaceOrientations_iPhone = "UIInterfaceOrientationPortrait UIInterfaceOrientationLandscapeLeft UIInterfaceOrientationLandscapeRight";
				LD_RUNPATH_SEARCH_PATHS = (
					"$(inherited)",
					"@executable_path/Frameworks",
				);
				MARKETING_VERSION = 1.0;
				PRODUCT_BUNDLE_IDENTIFIER = "Maca.Apple-Workshop";
				PRODUCT_NAME = "$(TARGET_NAME)";
				SWIFT_EMIT_LOC_STRINGS = YES;
				SWIFT_VERSION = 5.0;
				TARGETED_DEVICE_FAMILY = "1,2";
			};
			name = Release;
		};
		032F536B2D4BFD8F000AE386 /* Debug */ = {
			isa = XCBuildConfiguration;
			buildSettings = {
				BUNDLE_LOADER = "$(TEST_HOST)";
				CODE_SIGN_STYLE = Automatic;
				CURRENT_PROJECT_VERSION = 1;
				DEVELOPMENT_TEAM = 73D7D7985C;
				GENERATE_INFOPLIST_FILE = YES;
				IPHONEOS_DEPLOYMENT_TARGET = 18.2;
				MARKETING_VERSION = 1.0;
				PRODUCT_BUNDLE_IDENTIFIER = "Maca.Apple-WorkshopTests";
				PRODUCT_NAME = "$(TARGET_NAME)";
				SWIFT_EMIT_LOC_STRINGS = NO;
				SWIFT_VERSION = 5.0;
				TARGETED_DEVICE_FAMILY = "1,2";
				TEST_HOST = "$(BUILT_PRODUCTS_DIR)/Apple_Workshop.app/$(BUNDLE_EXECUTABLE_FOLDER_PATH)/Apple_Workshop";
			};
			name = Debug;
		};
		032F536C2D4BFD8F000AE386 /* Release */ = {
			isa = XCBuildConfiguration;
			buildSettings = {
				BUNDLE_LOADER = "$(TEST_HOST)";
				CODE_SIGN_STYLE = Automatic;
				CURRENT_PROJECT_VERSION = 1;
				DEVELOPMENT_TEAM = 73D7D7985C;
				GENERATE_INFOPLIST_FILE = YES;
				IPHONEOS_DEPLOYMENT_TARGET = 18.2;
				MARKETING_VERSION = 1.0;
				PRODUCT_BUNDLE_IDENTIFIER = "Maca.Apple-WorkshopTests";
				PRODUCT_NAME = "$(TARGET_NAME)";
				SWIFT_EMIT_LOC_STRINGS = NO;
				SWIFT_VERSION = 5.0;
				TARGETED_DEVICE_FAMILY = "1,2";
				TEST_HOST = "$(BUILT_PRODUCTS_DIR)/Apple_Workshop.app/$(BUNDLE_EXECUTABLE_FOLDER_PATH)/Apple_Workshop";
			};
			name = Release;
		};
		032F536E2D4BFD8F000AE386 /* Debug */ = {
			isa = XCBuildConfiguration;
			buildSettings = {
				CODE_SIGN_STYLE = Automatic;
				CURRENT_PROJECT_VERSION = 1;
				DEVELOPMENT_TEAM = 73D7D7985C;
				GENERATE_INFOPLIST_FILE = YES;
				MARKETING_VERSION = 1.0;
				PRODUCT_BUNDLE_IDENTIFIER = "Maca.Apple-WorkshopUITests";
				PRODUCT_NAME = "$(TARGET_NAME)";
				SWIFT_EMIT_LOC_STRINGS = NO;
				SWIFT_VERSION = 5.0;
				TARGETED_DEVICE_FAMILY = "1,2";
				TEST_TARGET_NAME = Apple_Workshop;
			};
			name = Debug;
		};
		032F536F2D4BFD8F000AE386 /* Release */ = {
			isa = XCBuildConfiguration;
			buildSettings = {
				CODE_SIGN_STYLE = Automatic;
				CURRENT_PROJECT_VERSION = 1;
				DEVELOPMENT_TEAM = 73D7D7985C;
				GENERATE_INFOPLIST_FILE = YES;
				MARKETING_VERSION = 1.0;
				PRODUCT_BUNDLE_IDENTIFIER = "Maca.Apple-WorkshopUITests";
				PRODUCT_NAME = "$(TARGET_NAME)";
				SWIFT_EMIT_LOC_STRINGS = NO;
				SWIFT_VERSION = 5.0;
				TARGETED_DEVICE_FAMILY = "1,2";
				TEST_TARGET_NAME = Apple_Workshop;
			};
			name = Release;
		};
/* End XCBuildConfiguration section */

/* Begin XCConfigurationList section */
		032F533E2D4BFD8E000AE386 /* Build configuration list for PBXProject "Apple_Workshop" */ = {
			isa = XCConfigurationList;
			buildConfigurations = (
				032F53652D4BFD8F000AE386 /* Debug */,
				032F53662D4BFD8F000AE386 /* Release */,
			);
			defaultConfigurationIsVisible = 0;
			defaultConfigurationName = Release;
		};
		032F53672D4BFD8F000AE386 /* Build configuration list for PBXNativeTarget "Apple_Workshop" */ = {
			isa = XCConfigurationList;
			buildConfigurations = (
				032F53682D4BFD8F000AE386 /* Debug */,
				032F53692D4BFD8F000AE386 /* Release */,
			);
			defaultConfigurationIsVisible = 0;
			defaultConfigurationName = Release;
		};
		032F536A2D4BFD8F000AE386 /* Build configuration list for PBXNativeTarget "Apple_WorkshopTests" */ = {
			isa = XCConfigurationList;
			buildConfigurations = (
				032F536B2D4BFD8F000AE386 /* Debug */,
				032F536C2D4BFD8F000AE386 /* Release */,
			);
			defaultConfigurationIsVisible = 0;
			defaultConfigurationName = Release;
		};
		032F536D2D4BFD8F000AE386 /* Build configuration list for PBXNativeTarget "Apple_WorkshopUITests" */ = {
			isa = XCConfigurationList;
			buildConfigurations = (
				032F536E2D4BFD8F000AE386 /* Debug */,
				032F536F2D4BFD8F000AE386 /* Release */,
			);
			defaultConfigurationIsVisible = 0;
			defaultConfigurationName = Release;
		};
/* End XCConfigurationList section */
	};
	rootObject = 032F533B2D4BFD8E000AE386 /* Project object */;
}
